
Microsoft Visual Studio Solution File, Format Version 12.00
# Visual Studio Version 16
VisualStudioVersion = 16.0.30621.155
MinimumVisualStudioVersion = 10.0.40219.1
Project("{FAE04EC0-301F-11D3-BF4B-00C04F79EFBC}") = "WebAPI.Identity", "WebAPI.Identity\WebAPI.Identity.csproj", "{295499F9-3083-42F9-9CB6-D63114F2F645}"
EndProject
Project("{FAE04EC0-301F-11D3-BF4B-00C04F79EFBC}") = "WebAPI.Domain", "WebAPI.Domain\WebAPI.Domain.csproj", "{997DFB67-4B90-49AE-B630-3896AD454DA2}"
EndProject
Project("{FAE04EC0-301F-11D3-BF4B-00C04F79EFBC}") = "WebAPI.Repository", "WebAPI.Repository\WebAPI.Repository.csproj", "{15D312F4-3279-4347-8198-78C9B6AF8153}"
EndProject
Global
	GlobalSection(SolutionConfigurationPlatforms) = preSolution
		Debug|Any CPU = Debug|Any CPU
		Release|Any CPU = Release|Any CPU
	EndGlobalSection
	GlobalSection(ProjectConfigurationPlatforms) = postSolution
		{295499F9-3083-42F9-9CB6-D63114F2F645}.Debug|Any CPU.ActiveCfg = Debug|Any CPU
		{295499F9-3083-42F9-9CB6-D63114F2F645}.Debug|Any CPU.Build.0 = Debug|Any CPU
		{295499F9-3083-42F9-9CB6-D63114F2F645}.Release|Any CPU.ActiveCfg = Release|Any CPU
		{295499F9-3083-42F9-9CB6-D63114F2F645}.Release|Any CPU.Build.0 = Release|Any CPU
		{997DFB67-4B90-49AE-B630-3896AD454DA2}.Debug|Any CPU.ActiveCfg = Debug|Any CPU
		{997DFB67-4B90-49AE-B630-3896AD454DA2}.Debug|Any CPU.Build.0 = Debug|Any CPU
		{997DFB67-4B90-49AE-B630-3896AD454DA2}.Release|Any CPU.ActiveCfg = Release|Any CPU
		{997DFB67-4B90-49AE-B630-3896AD454DA2}.Release|Any CPU.Build.0 = Release|Any CPU
		{15D312F4-3279-4347-8198-78C9B6AF8153}.Debug|Any CPU.ActiveCfg = Debug|Any CPU
		{15D312F4-3279-4347-8198-78C9B6AF8153}.Debug|Any CPU.Build.0 = Debug|Any CPU
		{15D312F4-3279-4347-8198-78C9B6AF8153}.Release|Any CPU.ActiveCfg = Release|Any CPU
		{15D312F4-3279-4347-8198-78C9B6AF8153}.Release|Any CPU.Build.0 = Release|Any CPU
	EndGlobalSection
	GlobalSection(SolutionProperties) = preSolution
		HideSolutionNode = FALSE
	EndGlobalSection
	GlobalSection(ExtensibilityGlobals) = postSolution
		SolutionGuid = {D62B397B-775D-4537-BE9E-26D8636291A0}
	EndGlobalSection
EndGlobal
